
Microsoft Visual Studio Solution File, Format Version 12.00
# Visual Studio Version 17
VisualStudioVersion = 17.8.34330.188
MinimumVisualStudioVersion = 10.0.40219.1
Project("{FAE04EC0-301F-11D3-BF4B-00C04F79EFBC}") = "LeetCodeProblems", "LeetCodeProblems.csproj", "{F1F5ADE5-C43E-4D9D-B20E-C837F824F9BF}"
EndProject
Global
	GlobalSection(SolutionConfigurationPlatforms) = preSolution
		Debug|Any CPU = Debug|Any CPU
		Release|Any CPU = Release|Any CPU
	EndGlobalSection
	GlobalSection(ProjectConfigurationPlatforms) = postSolution
		{F1F5ADE5-C43E-4D9D-B20E-C837F824F9BF}.Debug|Any CPU.ActiveCfg = Debug|Any CPU
		{F1F5ADE5-C43E-4D9D-B20E-C837F824F9BF}.Debug|Any CPU.Build.0 = Debug|Any CPU
		{F1F5ADE5-C43E-4D9D-B20E-C837F824F9BF}.Release|Any CPU.ActiveCfg = Release|Any CPU
		{F1F5ADE5-C43E-4D9D-B20E-C837F824F9BF}.Release|Any CPU.Build.0 = Release|Any CPU
	EndGlobalSection
	GlobalSection(SolutionProperties) = preSolution
		HideSolutionNode = FALSE
	EndGlobalSection
	GlobalSection(ExtensibilityGlobals) = postSolution
		SolutionGuid = {60B5171A-1942-4BF4-B0AF-8C6C2F917FE0}
	EndGlobalSection
EndGlobal
